<?xml version="1.0" encoding="utf-8"?>
<Project ToolsVersion="4.0" xmlns="http://schemas.microsoft.com/developer/msbuild/2003">
  <ItemGroup>
    <Filter Include="Header Files">
      <UniqueIdentifier>{e850f24d-093f-4c30-a99c-413a7dfa71b8}</UniqueIdentifier>
    </Filter>
    <Filter Include="Resource Files">
      <UniqueIdentifier>{f18cd969-acc3-480c-9147-ea3ae1c8ba92}</UniqueIdentifier>
    </Filter>
    <Filter Include="Source Files">
      <UniqueIdentifier>{bdd0568e-d423-4fcc-affe-6ba0c2a40f78}</UniqueIdentifier>
    </Filter>
    <Filter Include="Header Files\nettle">
      <UniqueIdentifier>{4d23f386-253d-4b98-8016-004e40bed5b2}</UniqueIdentifier>
    </Filter>
    <Filter Include="Source Files\x86">
      <UniqueIdentifier>{6a11bc94-67e0-4cf7-8352-cd07e1dd089a}</UniqueIdentifier>
    </Filter>
    <Filter Include="Source Files\x86_64">
      <UniqueIdentifier>{0bfa0652-fa51-4afe-8a53-a77f9a25680f}</UniqueIdentifier>
    </Filter>
  </ItemGroup>
  <ItemGroup>
    <ClInclude Include="source\nettle-types.h">
      <Filter>Header Files\nettle</Filter>
    </ClInclude>
    <ClInclude Include="source\pbkdf2.h">
      <Filter>Header Files\nettle</Filter>
    </ClInclude>
    <ClInclude Include="source\pgp.h">
      <Filter>Header Files\nettle</Filter>
    </ClInclude>
    <ClInclude Include="source\pkcs1.h">
      <Filter>Header Files\nettle</Filter>
    </ClInclude>
    <ClInclude Include="source\realloc.h">
      <Filter>Header Files\nettle</Filter>
    </ClInclude>
    <ClInclude Include="source\ripemd160.h">
      <Filter>Header Files\nettle</Filter>
    </ClInclude>
    <ClInclude Include="source\rsa.h">
      <Filter>Header Files\nettle</Filter>
    </ClInclude>
    <ClInclude Include="source\salsa20.h">
      <Filter>Header Files\nettle</Filter>
    </ClInclude>
    <ClInclude Include="source\serpent.h">
      <Filter>Header Files\nettle</Filter>
    </ClInclude>
    <ClInclude Include="source\sexp.h">
      <Filter>Header Files\nettle</Filter>
    </ClInclude>
    <ClInclude Include="source\sha.h">
      <Filter>Header Files\nettle</Filter>
    </ClInclude>
    <ClInclude Include="source\sha1.h">
      <Filter>Header Files\nettle</Filter>
    </ClInclude>
    <ClInclude Include="source\sha2.h">
      <Filter>Header Files\nettle</Filter>
    </ClInclude>
    <ClInclude Include="source\sha3.h">
      <Filter>Header Files\nettle</Filter>
    </ClInclude>
    <ClInclude Include="source\twofish.h">
      <Filter>Header Files\nettle</Filter>
    </ClInclude>
    <ClInclude Include="source\umac.h">
      <Filter>Header Files\nettle</Filter>
    </ClInclude>
    <ClInclude Include="source\yarrow.h">
      <Filter>Header Files\nettle</Filter>
    </ClInclude>
    <ClInclude Include="source\aes.h">
      <Filter>Header Files\nettle</Filter>
    </ClInclude>
    <ClInclude Include="source\arcfour.h">
      <Filter>Header Files\nettle</Filter>
    </ClInclude>
    <ClInclude Include="source\arctwo.h">
      <Filter>Header Files\nettle</Filter>
    </ClInclude>
    <ClInclude Include="source\asn1.h">
      <Filter>Header Files\nettle</Filter>
    </ClInclude>
    <ClInclude Include="source\base16.h">
      <Filter>Header Files\nettle</Filter>
    </ClInclude>
    <ClInclude Include="source\base64.h">
      <Filter>Header Files\nettle</Filter>
    </ClInclude>
    <ClInclude Include="source\blowfish.h">
      <Filter>Header Files\nettle</Filter>
    </ClInclude>
    <ClInclude Include="source\buffer.h">
      <Filter>Header Files\nettle</Filter>
    </ClInclude>
    <ClInclude Include="source\camellia.h">
      <Filter>Header Files\nettle</Filter>
    </ClInclude>
    <ClInclude Include="source\cast128.h">
      <Filter>Header Files\nettle</Filter>
    </ClInclude>
    <ClInclude Include="source\cbc.h">
      <Filter>Header Files\nettle</Filter>
    </ClInclude>
    <ClInclude Include="source\ctr.h">
      <Filter>Header Files\nettle</Filter>
    </ClInclude>
    <ClInclude Include="source\des.h">
      <Filter>Header Files\nettle</Filter>
    </ClInclude>
    <ClInclude Include="source\dsa.h">
      <Filter>Header Files\nettle</Filter>
    </ClInclude>
    <ClInclude Include="source\ecc.h">
      <Filter>Header Files\nettle</Filter>
    </ClInclude>
    <ClInclude Include="source\ecc-curve.h">
      <Filter>Header Files\nettle</Filter>
    </ClInclude>
    <ClInclude Include="source\ecdsa.h">
      <Filter>Header Files\nettle</Filter>
    </ClInclude>
    <ClInclude Include="source\gcm.h">
      <Filter>Header Files\nettle</Filter>
    </ClInclude>
    <ClInclude Include="source\gosthash94.h">
      <Filter>Header Files\nettle</Filter>
    </ClInclude>
    <ClInclude Include="source\hmac.h">
      <Filter>Header Files\nettle</Filter>
    </ClInclude>
    <ClInclude Include="source\knuth-lfib.h">
      <Filter>Header Files\nettle</Filter>
    </ClInclude>
    <ClInclude Include="source\macros.h">
      <Filter>Header Files\nettle</Filter>
    </ClInclude>
    <ClInclude Include="source\md2.h">
      <Filter>Header Files\nettle</Filter>
    </ClInclude>
    <ClInclude Include="source\md4.h">
      <Filter>Header Files\nettle</Filter>
    </ClInclude>
    <ClInclude Include="source\md5.h">
      <Filter>Header Files\nettle</Filter>
    </ClInclude>
    <ClInclude Include="source\md5-compat.h">
      <Filter>Header Files\nettle</Filter>
    </ClInclude>
    <ClInclude Include="source\memxor.h">
      <Filter>Header Files\nettle</Filter>
    </ClInclude>
    <ClInclude Include="source\nettle-meta.h">
      <Filter>Header Files\nettle</Filter>
    </ClInclude>
    <ClInclude Include="source\poly1305.h">
      <Filter>Header Files\nettle</Filter>
    </ClInclude>
    <ClInclude Include="source\ccm.h">
      <Filter>Header Files\nettle</Filter>
    </ClInclude>
    <ClInclude Include="source\chacha.h">
      <Filter>Header Files\nettle</Filter>
    </ClInclude>
    <ClInclude Include="source\chacha-poly1305.h">
      <Filter>Header Files\nettle</Filter>
    </ClInclude>
    <ClInclude Include="source\dsa-compat.h">
      <Filter>Header Files\nettle</Filter>
    </ClInclude>
    <ClInclude Include="source\eax.h">
      <Filter>Header Files\nettle</Filter>
    </ClInclude>
    <ClInclude Include="source\bignum.h">
      <Filter>Header Files\nettle</Filter>
    </ClInclude>
    <ClInclude Include="source\curve25519.h">
      <Filter>Header Files\nettle</Filter>
    </ClInclude>
    <ClInclude Include="source\eddsa.h">
      <Filter>Header Files\nettle</Filter>
    </ClInclude>
    <ClInclude Include="source\memops.h">
      <Filter>Header Files\nettle</Filter>
    </ClInclude>
    <ClInclude Include="source\pss-mgf1.h">
      <Filter>Header Files\nettle</Filter>
    </ClInclude>
    <ClInclude Include="source\cfb.h">
      <Filter>Header Files\nettle</Filter>
    </ClInclude>
    <ClInclude Include="source\hkdf.h">
      <Filter>Header Files\nettle</Filter>
    </ClInclude>
    <ClInclude Include="source\pss.h">
      <Filter>Header Files\nettle</Filter>
    </ClInclude>
    <ClInclude Include="source\xts.h">
      <Filter>Header Files\nettle</Filter>
    </ClInclude>
    <ClInclude Include="source\curve448.h">
      <Filter>Header Files\nettle</Filter>
    </ClInclude>
    <ClInclude Include="source\gostdsa.h">
      <Filter>Header Files\nettle</Filter>
    </ClInclude>
    <ClInclude Include="source\siv-cmac.h">
      <Filter>Header Files\nettle</Filter>
    </ClInclude>
    <ClInclude Include="source\aes-internal.h">
      <Filter>Header Files\nettle</Filter>
    </ClInclude>
    <ClInclude Include="source\block-internal.h">
      <Filter>Header Files\nettle</Filter>
    </ClInclude>
    <ClInclude Include="source\camellia-internal.h">
      <Filter>Header Files\nettle</Filter>
    </ClInclude>
    <ClInclude Include="source\cast128_sboxes.h">
      <Filter>Header Files\nettle</Filter>
    </ClInclude>
    <ClInclude Include="source\chacha-internal.h">
      <Filter>Header Files\nettle</Filter>
    </ClInclude>
    <ClInclude Include="source\cmac.h">
      <Filter>Header Files\nettle</Filter>
    </ClInclude>
    <ClInclude Include="source\ctr-internal.h">
      <Filter>Header Files\nettle</Filter>
    </ClInclude>
    <ClInclude Include="source\desCode.h">
      <Filter>Header Files\nettle</Filter>
    </ClInclude>
    <ClInclude Include="source\desinfo.h">
      <Filter>Header Files\nettle</Filter>
    </ClInclude>
    <ClInclude Include="source\dsa-internal.h">
      <Filter>Header Files\nettle</Filter>
    </ClInclude>
    <ClInclude Include="source\ecc-internal.h">
      <Filter>Header Files\nettle</Filter>
    </ClInclude>
    <ClInclude Include="source\eddsa-internal.h">
      <Filter>Header Files\nettle</Filter>
    </ClInclude>
    <ClInclude Include="source\fat-setup.h">
      <Filter>Header Files\nettle</Filter>
    </ClInclude>
    <ClInclude Include="source\getopt.h">
      <Filter>Header Files\nettle</Filter>
    </ClInclude>
    <ClInclude Include="source\getopt_int.h">
      <Filter>Header Files\nettle</Filter>
    </ClInclude>
    <ClInclude Include="source\gmp-glue.h">
      <Filter>Header Files\nettle</Filter>
    </ClInclude>
    <ClInclude Include="source\gost28147-internal.h">
      <Filter>Header Files\nettle</Filter>
    </ClInclude>
    <ClInclude Include="source\hogweed-internal.h">
      <Filter>Header Files\nettle</Filter>
    </ClInclude>
    <ClInclude Include="source\memxor-internal.h">
      <Filter>Header Files\nettle</Filter>
    </ClInclude>
    <ClInclude Include="source\mini-gmp.h">
      <Filter>Header Files\nettle</Filter>
    </ClInclude>
    <ClInclude Include="source\nettle-internal.h">
      <Filter>Header Files\nettle</Filter>
    </ClInclude>
    <ClInclude Include="source\nettle-write.h">
      <Filter>Header Files\nettle</Filter>
    </ClInclude>
    <ClInclude Include="source\pkcs1-internal.h">
      <Filter>Header Files\nettle</Filter>
    </ClInclude>
    <ClInclude Include="source\poly1305-internal.h">
      <Filter>Header Files\nettle</Filter>
    </ClInclude>
    <ClInclude Include="source\ripemd160-internal.h">
      <Filter>Header Files\nettle</Filter>
    </ClInclude>
    <ClInclude Include="source\rsa-internal.h">
      <Filter>Header Files\nettle</Filter>
    </ClInclude>
    <ClInclude Include="source\salsa20-internal.h">
      <Filter>Header Files\nettle</Filter>
    </ClInclude>
    <ClInclude Include="source\serpent-internal.h">
      <Filter>Header Files\nettle</Filter>
    </ClInclude>
    <ClInclude Include="source\sha2-internal.h">
      <Filter>Header Files\nettle</Filter>
    </ClInclude>
    <ClInclude Include="source\sha3-internal.h">
      <Filter>Header Files\nettle</Filter>
    </ClInclude>
    <ClInclude Include="source\umac-internal.h">
      <Filter>Header Files\nettle</Filter>
    </ClInclude>
    <ClInclude Include="source\streebog.h">
      <Filter>Header Files\nettle</Filter>
    </ClInclude>
    <ClInclude Include="config.h" />
  </ItemGroup>
  <ItemGroup>
    <ClCompile Include="source\umac96.c">
      <Filter>Source Files</Filter>
    </ClCompile>
    <ClCompile Include="source\umac128.c">
      <Filter>Source Files</Filter>
    </ClCompile>
    <ClCompile Include="source\umac-l2.c">
      <Filter>Source Files</Filter>
    </ClCompile>
    <ClCompile Include="source\umac-l3.c">
      <Filter>Source Files</Filter>
    </ClCompile>
    <ClCompile Include="source\umac-nh.c">
      <Filter>Source Files</Filter>
    </ClCompile>
    <ClCompile Include="source\umac-nh-n.c">
      <Filter>Source Files</Filter>
    </ClCompile>
    <ClCompile Include="source\umac-poly64.c">
      <Filter>Source Files</Filter>
    </ClCompile>
    <ClCompile Include="source\umac-poly128.c">
      <Filter>Source Files</Filter>
    </ClCompile>
    <ClCompile Include="source\umac-set-key.c">
      <Filter>Source Files</Filter>
    </ClCompile>
    <ClCompile Include="source\write-be32.c">
      <Filter>Source Files</Filter>
    </ClCompile>
    <ClCompile Include="source\write-le32.c">
      <Filter>Source Files</Filter>
    </ClCompile>
    <ClCompile Include="source\write-le64.c">
      <Filter>Source Files</Filter>
    </ClCompile>
    <ClCompile Include="source\yarrow_key_event.c">
      <Filter>Source Files</Filter>
    </ClCompile>
    <ClCompile Include="source\yarrow256.c">
      <Filter>Source Files</Filter>
    </ClCompile>
    <ClCompile Include="source\aesdata.c">
      <Filter>Source Files</Filter>
    </ClCompile>
    <ClCompile Include="source\aes-decrypt.c">
      <Filter>Source Files</Filter>
    </ClCompile>
    <ClCompile Include="source\aes-encrypt.c">
      <Filter>Source Files</Filter>
    </ClCompile>
    <ClCompile Include="source\aes-encrypt-table.c">
      <Filter>Source Files</Filter>
    </ClCompile>
    <ClCompile Include="source\aes-set-decrypt-key.c">
      <Filter>Source Files</Filter>
    </ClCompile>
    <ClCompile Include="source\aes-set-encrypt-key.c">
      <Filter>Source Files</Filter>
    </ClCompile>
    <ClCompile Include="source\arcfour.c">
      <Filter>Source Files</Filter>
    </ClCompile>
    <ClCompile Include="source\arcfour-crypt.c">
      <Filter>Source Files</Filter>
    </ClCompile>
    <ClCompile Include="source\arctwo.c">
      <Filter>Source Files</Filter>
    </ClCompile>
    <ClCompile Include="source\arctwo-meta.c">
      <Filter>Source Files</Filter>
    </ClCompile>
    <ClCompile Include="source\base16-decode.c">
      <Filter>Source Files</Filter>
    </ClCompile>
    <ClCompile Include="source\base16-encode.c">
      <Filter>Source Files</Filter>
    </ClCompile>
    <ClCompile Include="source\base16-meta.c">
      <Filter>Source Files</Filter>
    </ClCompile>
    <ClCompile Include="source\base64-decode.c">
      <Filter>Source Files</Filter>
    </ClCompile>
    <ClCompile Include="source\base64-encode.c">
      <Filter>Source Files</Filter>
    </ClCompile>
    <ClCompile Include="source\base64-meta.c">
      <Filter>Source Files</Filter>
    </ClCompile>
    <ClCompile Include="source\blowfish.c">
      <Filter>Source Files</Filter>
    </ClCompile>
    <ClCompile Include="source\buffer.c">
      <Filter>Source Files</Filter>
    </ClCompile>
    <ClCompile Include="source\buffer-init.c">
      <Filter>Source Files</Filter>
    </ClCompile>
    <ClCompile Include="source\camellia-table.c">
      <Filter>Source Files</Filter>
    </ClCompile>
    <ClCompile Include="source\cast128.c">
      <Filter>Source Files</Filter>
    </ClCompile>
    <ClCompile Include="source\cast128-meta.c">
      <Filter>Source Files</Filter>
    </ClCompile>
    <ClCompile Include="source\cbc.c">
      <Filter>Source Files</Filter>
    </ClCompile>
    <ClCompile Include="source\ctr.c">
      <Filter>Source Files</Filter>
    </ClCompile>
    <ClCompile Include="source\des.c">
      <Filter>Source Files</Filter>
    </ClCompile>
    <ClCompile Include="source\des3.c">
      <Filter>Source Files</Filter>
    </ClCompile>
    <ClCompile Include="source\gcm.c">
      <Filter>Source Files</Filter>
    </ClCompile>
    <ClCompile Include="source\gcm-aes.c">
      <Filter>Source Files</Filter>
    </ClCompile>
    <ClCompile Include="source\gosthash94.c">
      <Filter>Source Files</Filter>
    </ClCompile>
    <ClCompile Include="source\gosthash94-meta.c">
      <Filter>Source Files</Filter>
    </ClCompile>
    <ClCompile Include="source\hmac.c">
      <Filter>Source Files</Filter>
    </ClCompile>
    <ClCompile Include="source\hmac-md5.c">
      <Filter>Source Files</Filter>
    </ClCompile>
    <ClCompile Include="source\hmac-ripemd160.c">
      <Filter>Source Files</Filter>
    </ClCompile>
    <ClCompile Include="source\hmac-sha1.c">
      <Filter>Source Files</Filter>
    </ClCompile>
    <ClCompile Include="source\hmac-sha224.c">
      <Filter>Source Files</Filter>
    </ClCompile>
    <ClCompile Include="source\hmac-sha256.c">
      <Filter>Source Files</Filter>
    </ClCompile>
    <ClCompile Include="source\hmac-sha384.c">
      <Filter>Source Files</Filter>
    </ClCompile>
    <ClCompile Include="source\hmac-sha512.c">
      <Filter>Source Files</Filter>
    </ClCompile>
    <ClCompile Include="source\knuth-lfib.c">
      <Filter>Source Files</Filter>
    </ClCompile>
    <ClCompile Include="source\md2.c">
      <Filter>Source Files</Filter>
    </ClCompile>
    <ClCompile Include="source\md2-meta.c">
      <Filter>Source Files</Filter>
    </ClCompile>
    <ClCompile Include="source\md4.c">
      <Filter>Source Files</Filter>
    </ClCompile>
    <ClCompile Include="source\md4-meta.c">
      <Filter>Source Files</Filter>
    </ClCompile>
    <ClCompile Include="source\md5.c">
      <Filter>Source Files</Filter>
    </ClCompile>
    <ClCompile Include="source\md5-compat.c">
      <Filter>Source Files</Filter>
    </ClCompile>
    <ClCompile Include="source\md5-meta.c">
      <Filter>Source Files</Filter>
    </ClCompile>
    <ClCompile Include="source\nettle-meta-armors.c">
      <Filter>Source Files</Filter>
    </ClCompile>
    <ClCompile Include="source\nettle-meta-ciphers.c">
      <Filter>Source Files</Filter>
    </ClCompile>
    <ClCompile Include="source\nettle-meta-hashes.c">
      <Filter>Source Files</Filter>
    </ClCompile>
    <ClCompile Include="source\pbkdf2.c">
      <Filter>Source Files</Filter>
    </ClCompile>
    <ClCompile Include="source\pbkdf2-hmac-sha1.c">
      <Filter>Source Files</Filter>
    </ClCompile>
    <ClCompile Include="source\pbkdf2-hmac-sha256.c">
      <Filter>Source Files</Filter>
    </ClCompile>
    <ClCompile Include="source\ripemd160.c">
      <Filter>Source Files</Filter>
    </ClCompile>
    <ClCompile Include="source\ripemd160-compress.c">
      <Filter>Source Files</Filter>
    </ClCompile>
    <ClCompile Include="source\ripemd160-meta.c">
      <Filter>Source Files</Filter>
    </ClCompile>
    <ClCompile Include="source\salsa20-core-internal.c">
      <Filter>Source Files</Filter>
    </ClCompile>
    <ClCompile Include="source\salsa20-crypt.c">
      <Filter>Source Files</Filter>
    </ClCompile>
    <ClCompile Include="source\salsa20r12-crypt.c">
      <Filter>Source Files</Filter>
    </ClCompile>
    <ClCompile Include="source\salsa20-set-key.c">
      <Filter>Source Files</Filter>
    </ClCompile>
    <ClCompile Include="source\serpent-decrypt.c">
      <Filter>Source Files</Filter>
    </ClCompile>
    <ClCompile Include="source\serpent-encrypt.c">
      <Filter>Source Files</Filter>
    </ClCompile>
    <ClCompile Include="source\serpent-meta.c">
      <Filter>Source Files</Filter>
    </ClCompile>
    <ClCompile Include="source\serpent-set-key.c">
      <Filter>Source Files</Filter>
    </ClCompile>
    <ClCompile Include="source\sha1.c">
      <Filter>Source Files</Filter>
    </ClCompile>
    <ClCompile Include="source\sha1-meta.c">
      <Filter>Source Files</Filter>
    </ClCompile>
    <ClCompile Include="source\sha3.c">
      <Filter>Source Files</Filter>
    </ClCompile>
    <ClCompile Include="source\sha3-224.c">
      <Filter>Source Files</Filter>
    </ClCompile>
    <ClCompile Include="source\sha3-224-meta.c">
      <Filter>Source Files</Filter>
    </ClCompile>
    <ClCompile Include="source\sha3-256.c">
      <Filter>Source Files</Filter>
    </ClCompile>
    <ClCompile Include="source\sha3-256-meta.c">
      <Filter>Source Files</Filter>
    </ClCompile>
    <ClCompile Include="source\sha3-384.c">
      <Filter>Source Files</Filter>
    </ClCompile>
    <ClCompile Include="source\sha3-384-meta.c">
      <Filter>Source Files</Filter>
    </ClCompile>
    <ClCompile Include="source\sha3-512.c">
      <Filter>Source Files</Filter>
    </ClCompile>
    <ClCompile Include="source\sha3-512-meta.c">
      <Filter>Source Files</Filter>
    </ClCompile>
    <ClCompile Include="source\sha3-permute.c">
      <Filter>Source Files</Filter>
    </ClCompile>
    <ClCompile Include="source\sha224-meta.c">
      <Filter>Source Files</Filter>
    </ClCompile>
    <ClCompile Include="source\sha256.c">
      <Filter>Source Files</Filter>
    </ClCompile>
    <ClCompile Include="source\sha256-compress.c">
      <Filter>Source Files</Filter>
    </ClCompile>
    <ClCompile Include="source\sha256-meta.c">
      <Filter>Source Files</Filter>
    </ClCompile>
    <ClCompile Include="source\sha384-meta.c">
      <Filter>Source Files</Filter>
    </ClCompile>
    <ClCompile Include="source\sha512.c">
      <Filter>Source Files</Filter>
    </ClCompile>
    <ClCompile Include="source\sha512-compress.c">
      <Filter>Source Files</Filter>
    </ClCompile>
    <ClCompile Include="source\sha512-meta.c">
      <Filter>Source Files</Filter>
    </ClCompile>
    <ClCompile Include="source\twofish.c">
      <Filter>Source Files</Filter>
    </ClCompile>
    <ClCompile Include="source\twofish-meta.c">
      <Filter>Source Files</Filter>
    </ClCompile>
    <ClCompile Include="source\umac32.c">
      <Filter>Source Files</Filter>
    </ClCompile>
    <ClCompile Include="source\umac64.c">
      <Filter>Source Files</Filter>
    </ClCompile>
    <ClCompile Include="source\realloc.c">
      <Filter>Source Files</Filter>
    </ClCompile>
    <ClCompile Include="source\memxor.c">
      <Filter>Source Files</Filter>
    </ClCompile>
    <ClCompile Include="source\aes256-meta.c">
      <Filter>Source Files</Filter>
    </ClCompile>
    <ClCompile Include="source\aes256-set-decrypt-key.c">
      <Filter>Source Files</Filter>
    </ClCompile>
    <ClCompile Include="source\aes256-set-encrypt-key.c">
      <Filter>Source Files</Filter>
    </ClCompile>
    <ClCompile Include="source\aes128-meta.c">
      <Filter>Source Files</Filter>
    </ClCompile>
    <ClCompile Include="source\aes128-set-decrypt-key.c">
      <Filter>Source Files</Filter>
    </ClCompile>
    <ClCompile Include="source\aes128-set-encrypt-key.c">
      <Filter>Source Files</Filter>
    </ClCompile>
    <ClCompile Include="source\aes192-meta.c">
      <Filter>Source Files</Filter>
    </ClCompile>
    <ClCompile Include="source\aes192-set-decrypt-key.c">
      <Filter>Source Files</Filter>
    </ClCompile>
    <ClCompile Include="source\aes192-set-encrypt-key.c">
      <Filter>Source Files</Filter>
    </ClCompile>
    <ClCompile Include="source\camellia-absorb.c">
      <Filter>Source Files</Filter>
    </ClCompile>
    <ClCompile Include="source\camellia-invert-key.c">
      <Filter>Source Files</Filter>
    </ClCompile>
    <ClCompile Include="source\camellia256-set-encrypt-key.c">
      <Filter>Source Files</Filter>
    </ClCompile>
    <ClCompile Include="source\camellia128-crypt.c">
      <Filter>Source Files</Filter>
    </ClCompile>
    <ClCompile Include="source\camellia128-meta.c">
      <Filter>Source Files</Filter>
    </ClCompile>
    <ClCompile Include="source\camellia128-set-decrypt-key.c">
      <Filter>Source Files</Filter>
    </ClCompile>
    <ClCompile Include="source\camellia128-set-encrypt-key.c">
      <Filter>Source Files</Filter>
    </ClCompile>
    <ClCompile Include="source\camellia192-meta.c">
      <Filter>Source Files</Filter>
    </ClCompile>
    <ClCompile Include="source\camellia256-crypt.c">
      <Filter>Source Files</Filter>
    </ClCompile>
    <ClCompile Include="source\camellia256-meta.c">
      <Filter>Source Files</Filter>
    </ClCompile>
    <ClCompile Include="source\camellia256-set-decrypt-key.c">
      <Filter>Source Files</Filter>
    </ClCompile>
    <ClCompile Include="source\ccm-aes256.c">
      <Filter>Source Files</Filter>
    </ClCompile>
    <ClCompile Include="source\ccm.c">
      <Filter>Source Files</Filter>
    </ClCompile>
    <ClCompile Include="source\ccm-aes128.c">
      <Filter>Source Files</Filter>
    </ClCompile>
    <ClCompile Include="source\ccm-aes192.c">
      <Filter>Source Files</Filter>
    </ClCompile>
    <ClCompile Include="source\chacha-set-nonce.c">
      <Filter>Source Files</Filter>
    </ClCompile>
    <ClCompile Include="source\chacha-core-internal.c">
      <Filter>Source Files</Filter>
    </ClCompile>
    <ClCompile Include="source\chacha-crypt.c">
      <Filter>Source Files</Filter>
    </ClCompile>
    <ClCompile Include="source\chacha-poly1305.c">
      <Filter>Source Files</Filter>
    </ClCompile>
    <ClCompile Include="source\chacha-poly1305-meta.c">
      <Filter>Source Files</Filter>
    </ClCompile>
    <ClCompile Include="source\chacha-set-key.c">
      <Filter>Source Files</Filter>
    </ClCompile>
    <ClCompile Include="source\eax-aes128-meta.c">
      <Filter>Source Files</Filter>
    </ClCompile>
    <ClCompile Include="source\eax.c">
      <Filter>Source Files</Filter>
    </ClCompile>
    <ClCompile Include="source\eax-aes128.c">
      <Filter>Source Files</Filter>
    </ClCompile>
    <ClCompile Include="source\gcm-camellia256-meta.c">
      <Filter>Source Files</Filter>
    </ClCompile>
    <ClCompile Include="source\gcm-aes128.c">
      <Filter>Source Files</Filter>
    </ClCompile>
    <ClCompile Include="source\gcm-aes128-meta.c">
      <Filter>Source Files</Filter>
    </ClCompile>
    <ClCompile Include="source\gcm-aes192.c">
      <Filter>Source Files</Filter>
    </ClCompile>
    <ClCompile Include="source\gcm-aes192-meta.c">
      <Filter>Source Files</Filter>
    </ClCompile>
    <ClCompile Include="source\gcm-aes256.c">
      <Filter>Source Files</Filter>
    </ClCompile>
    <ClCompile Include="source\gcm-aes256-meta.c">
      <Filter>Source Files</Filter>
    </ClCompile>
    <ClCompile Include="source\gcm-camellia128.c">
      <Filter>Source Files</Filter>
    </ClCompile>
    <ClCompile Include="source\gcm-camellia128-meta.c">
      <Filter>Source Files</Filter>
    </ClCompile>
    <ClCompile Include="source\gcm-camellia256.c">
      <Filter>Source Files</Filter>
    </ClCompile>
    <ClCompile Include="source\nettle-meta-aeads.c">
      <Filter>Source Files</Filter>
    </ClCompile>
    <ClCompile Include="source\poly1305-internal.c">
      <Filter>Source Files</Filter>
    </ClCompile>
    <ClCompile Include="source\poly1305-aes.c">
      <Filter>Source Files</Filter>
    </ClCompile>
    <ClCompile Include="source\salsa20-set-nonce.c">
      <Filter>Source Files</Filter>
    </ClCompile>
    <ClCompile Include="source\salsa20-128-set-key.c">
      <Filter>Source Files</Filter>
    </ClCompile>
    <ClCompile Include="source\salsa20-256-set-key.c">
      <Filter>Source Files</Filter>
    </ClCompile>
    <ClCompile Include="source\sha512-256-meta.c">
      <Filter>Source Files</Filter>
    </ClCompile>
    <ClCompile Include="source\sha512-224-meta.c">
      <Filter>Source Files</Filter>
    </ClCompile>
    <ClCompile Include="source\aes-set-key-internal.c">
      <Filter>Source Files</Filter>
    </ClCompile>
    <ClCompile Include="source\aes-invert-internal.c">
      <Filter>Source Files</Filter>
    </ClCompile>
    <ClCompile Include="source\base64url-meta.c">
      <Filter>Source Files</Filter>
    </ClCompile>
    <ClCompile Include="source\base64url-decode.c">
      <Filter>Source Files</Filter>
    </ClCompile>
    <ClCompile Include="source\base64url-encode.c">
      <Filter>Source Files</Filter>
    </ClCompile>
    <ClCompile Include="source\memxor3.c">
      <Filter>Source Files</Filter>
    </ClCompile>
    <ClCompile Include="source\version.c">
      <Filter>Source Files</Filter>
    </ClCompile>
    <ClCompile Include="source\memeql-sec.c">
      <Filter>Source Files</Filter>
    </ClCompile>
    <ClCompile Include="source\fat-x86_64.c">
      <Filter>Source Files</Filter>
    </ClCompile>
    <ClCompile Include="source\cfb.c">
      <Filter>Source Files</Filter>
    </ClCompile>
    <ClCompile Include="source\hkdf.c">
      <Filter>Source Files</Filter>
    </ClCompile>
    <ClCompile Include="source\nettle-lookup-hash.c">
      <Filter>Source Files</Filter>
    </ClCompile>
    <ClCompile Include="source\cnd-memcpy.c">
      <Filter>Source Files</Filter>
    </ClCompile>
    <ClCompile Include="source\cmac.c">
      <Filter>Source Files</Filter>
    </ClCompile>
    <ClCompile Include="source\cmac-aes128.c">
      <Filter>Source Files</Filter>
    </ClCompile>
    <ClCompile Include="source\cmac-aes256.c">
      <Filter>Source Files</Filter>
    </ClCompile>
    <ClCompile Include="source\ctr16.c">
      <Filter>Source Files</Filter>
    </ClCompile>
    <ClCompile Include="source\xts.c">
      <Filter>Source Files</Filter>
    </ClCompile>
    <ClCompile Include="source\xts-aes128.c">
      <Filter>Source Files</Filter>
    </ClCompile>
    <ClCompile Include="source\xts-aes256.c">
      <Filter>Source Files</Filter>
    </ClCompile>
    <ClCompile Include="source\siv-cmac.c">
      <Filter>Source Files</Filter>
    </ClCompile>
    <ClCompile Include="source\siv-cmac-aes128.c">
      <Filter>Source Files</Filter>
    </ClCompile>
    <ClCompile Include="source\siv-cmac-aes256.c">
      <Filter>Source Files</Filter>
    </ClCompile>
    <ClCompile Include="source\cmac64.c">
      <Filter>Source Files</Filter>
    </ClCompile>
    <ClCompile Include="source\cmac-aes128-meta.c">
      <Filter>Source Files</Filter>
    </ClCompile>
    <ClCompile Include="source\cmac-aes256-meta.c">
      <Filter>Source Files</Filter>
    </ClCompile>
    <ClCompile Include="source\cmac-des3.c">
      <Filter>Source Files</Filter>
    </ClCompile>
    <ClCompile Include="source\cmac-des3-meta.c">
      <Filter>Source Files</Filter>
    </ClCompile>
    <ClCompile Include="source\gost28147.c">
      <Filter>Source Files</Filter>
    </ClCompile>
    <ClCompile Include="source\hmac-gosthash94.c">
      <Filter>Source Files</Filter>
    </ClCompile>
    <ClCompile Include="source\hmac-md5-meta.c">
      <Filter>Source Files</Filter>
    </ClCompile>
    <ClCompile Include="source\hmac-ripemd160-meta.c">
      <Filter>Source Files</Filter>
    </ClCompile>
    <ClCompile Include="source\hmac-sha1-meta.c">
      <Filter>Source Files</Filter>
    </ClCompile>
    <ClCompile Include="source\hmac-sha224-meta.c">
      <Filter>Source Files</Filter>
    </ClCompile>
    <ClCompile Include="source\hmac-sha256-meta.c">
      <Filter>Source Files</Filter>
    </ClCompile>
    <ClCompile Include="source\hmac-sha384-meta.c">
      <Filter>Source Files</Filter>
    </ClCompile>
    <ClCompile Include="source\hmac-sha512-meta.c">
      <Filter>Source Files</Filter>
    </ClCompile>
    <ClCompile Include="source\nettle-meta-macs.c">
      <Filter>Source Files</Filter>
    </ClCompile>
    <ClCompile Include="source\pbkdf2-hmac-gosthash94.c">
      <Filter>Source Files</Filter>
    </ClCompile>
    <ClCompile Include="source\shake256.c">
      <Filter>Source Files</Filter>
    </ClCompile>
    <ClCompile Include="source\blowfish-bcrypt.c">
      <Filter>Source Files</Filter>
    </ClCompile>
    <ClCompile Include="source\streebog-meta.c">
      <Filter>Source Files</Filter>
    </ClCompile>
    <ClCompile Include="source\streebog.c">
      <Filter>Source Files</Filter>
    </ClCompile>
    <ClCompile Include="source\salsa20-crypt-internal.c">
      <Filter>Source Files</Filter>
    </ClCompile>
    <ClCompile Include="source\hmac-streebog-meta.c">
      <Filter>Source Files</Filter>
    </ClCompile>
    <ClCompile Include="source\hmac-streebog.c">
      <Filter>Source Files</Filter>
    </ClCompile>
  </ItemGroup>
  <ItemGroup>
    <None Include="libnettle.def">
      <Filter>Resource Files</Filter>
    </None>
  </ItemGroup>
  <ItemGroup>
    <YASM Include="source\SMP\x86\aes-decrypt-internal.s">
      <Filter>Source Files\x86</Filter>
    </YASM>
    <YASM Include="source\SMP\x86\aes-encrypt-internal.s">
      <Filter>Source Files\x86</Filter>
    </YASM>
    <YASM Include="source\SMP\x86\arcfour-crypt.s">
      <Filter>Source Files\x86</Filter>
    </YASM>
    <YASM Include="source\SMP\x86\camellia-crypt-internal.s">
      <Filter>Source Files\x86</Filter>
    </YASM>
    <YASM Include="source\SMP\x86\md5-compress.s">
      <Filter>Source Files\x86</Filter>
    </YASM>
    <YASM Include="source\SMP\x86\sha1-compress.s">
      <Filter>Source Files\x86</Filter>
    </YASM>
    <YASM Include="source\SMP\x86_64\aes-decrypt-internal-2-fat.s">
      <Filter>Source Files\x86_64</Filter>
    </YASM>
    <YASM Include="source\SMP\x86_64\aes-decrypt-internal-fat.s">
      <Filter>Source Files\x86_64</Filter>
    </YASM>
    <YASM Include="source\SMP\x86_64\aes-encrypt-internal-2-fat.s">
      <Filter>Source Files\x86_64</Filter>
    </YASM>
    <YASM Include="source\SMP\x86_64\aes-encrypt-internal-fat.s">
      <Filter>Source Files\x86_64</Filter>
    </YASM>
    <YASM Include="source\SMP\x86_64\camellia-crypt-internal.s">
      <Filter>Source Files\x86_64</Filter>
    </YASM>
    <YASM Include="source\SMP\x86_64\chacha-core-internal.s">
      <Filter>Source Files\x86_64</Filter>
    </YASM>
    <YASM Include="source\SMP\x86_64\cpuid-fat.s">
      <Filter>Source Files\x86_64</Filter>
    </YASM>
    <YASM Include="source\SMP\x86_64\gcm-hash8.s">
      <Filter>Source Files\x86_64</Filter>
    </YASM>
    <YASM Include="source\SMP\x86_64\md5-compress.s">
      <Filter>Source Files\x86_64</Filter>
    </YASM>
    <YASM Include="source\SMP\x86_64\memxor-2-fat.s">
      <Filter>Source Files\x86_64</Filter>
    </YASM>
    <YASM Include="source\SMP\x86_64\memxor3.s">
      <Filter>Source Files\x86_64</Filter>
    </YASM>
    <YASM Include="source\SMP\x86_64\memxor-fat.s">
      <Filter>Source Files\x86_64</Filter>
    </YASM>
    <YASM Include="source\SMP\x86_64\poly1305-internal.s">
      <Filter>Source Files\x86_64</Filter>
    </YASM>
    <YASM Include="source\SMP\x86_64\salsa20-core-internal.s">
      <Filter>Source Files\x86_64</Filter>
    </YASM>
    <YASM Include="source\SMP\x86_64\serpent-decrypt.s">
      <Filter>Source Files\x86_64</Filter>
    </YASM>
    <YASM Include="source\SMP\x86_64\serpent-encrypt.s">
      <Filter>Source Files\x86_64</Filter>
    </YASM>
    <YASM Include="source\SMP\x86_64\sha1-compress-2-fat.s">
      <Filter>Source Files\x86_64</Filter>
    </YASM>
    <YASM Include="source\SMP\x86_64\sha1-compress-fat.s">
      <Filter>Source Files\x86_64</Filter>
    </YASM>
    <YASM Include="source\SMP\x86_64\sha3-permute.s">
      <Filter>Source Files\x86_64</Filter>
    </YASM>
    <YASM Include="source\SMP\x86_64\sha256-compress-2-fat.s">
      <Filter>Source Files\x86_64</Filter>
    </YASM>
    <YASM Include="source\SMP\x86_64\sha256-compress-fat.s">
      <Filter>Source Files\x86_64</Filter>
    </YASM>
    <YASM Include="source\SMP\x86_64\sha512-compress.s">
      <Filter>Source Files\x86_64</Filter>
    </YASM>
    <YASM Include="source\SMP\x86_64\umac-nh.s">
      <Filter>Source Files\x86_64</Filter>
    </YASM>
    <YASM Include="source\SMP\x86_64\umac-nh-n.s">
      <Filter>Source Files\x86_64</Filter>
    </YASM>
    <YASM Include="source\SMP\x86_64\salsa20-2core.s">
      <Filter>Source Files\x86_64</Filter>
    </YASM>
  </ItemGroup>
</Project>