<?xml version="1.0" encoding="utf-8"?>
<Project ToolsVersion="16.0" xmlns="http://schemas.microsoft.com/developer/msbuild/2003">
  <ItemGroup>
    <ClCompile Include="source\mz_crypt.c">
      <Filter>Source Files</Filter>
    </ClCompile>
    <ClCompile Include="source\mz_os.c">
      <Filter>Source Files</Filter>
    </ClCompile>
    <ClCompile Include="source\mz_strm.c">
      <Filter>Source Files</Filter>
    </ClCompile>
    <ClCompile Include="source\mz_strm_buf.c">
      <Filter>Source Files</Filter>
    </ClCompile>
    <ClCompile Include="source\mz_strm_mem.c">
      <Filter>Source Files</Filter>
    </ClCompile>
    <ClCompile Include="source\mz_strm_split.c">
      <Filter>Source Files</Filter>
    </ClCompile>
    <ClCompile Include="source\mz_zip.c">
      <Filter>Source Files</Filter>
    </ClCompile>
    <ClCompile Include="source\mz_zip_rw.c">
      <Filter>Source Files</Filter>
    </ClCompile>
    <ClCompile Include="source\mz_strm_zlib.c">
      <Filter>Source Files</Filter>
    </ClCompile>
    <ClCompile Include="source\mz_strm_bzip.c">
      <Filter>Source Files</Filter>
    </ClCompile>
    <ClCompile Include="source\mz_strm_lzma.c">
      <Filter>Source Files</Filter>
    </ClCompile>
    <ClCompile Include="source\mz_strm_zstd.c">
      <Filter>Source Files</Filter>
    </ClCompile>
    <ClCompile Include="source\mz_os_win32.c">
      <Filter>Source Files</Filter>
    </ClCompile>
    <ClCompile Include="source\mz_strm_os_win32.c">
      <Filter>Source Files</Filter>
    </ClCompile>
    <ClCompile Include="source\mz_strm_pkcrypt.c">
      <Filter>Source Files</Filter>
    </ClCompile>
    <ClCompile Include="source\mz_strm_wzaes.c">
      <Filter>Source Files</Filter>
    </ClCompile>
    <ClCompile Include="source\mz_compat.c">
      <Filter>Source Files</Filter>
    </ClCompile>
    <ClCompile Include="source\mz_crypt_winvista.c" />
    <ClCompile Include="source\mz_crypt_winxp.c" />
  </ItemGroup>
  <ItemGroup>
    <ClInclude Include="source\mz.h">
      <Filter>Header Files</Filter>
    </ClInclude>
    <ClInclude Include="source\mz_os.h">
      <Filter>Header Files</Filter>
    </ClInclude>
    <ClInclude Include="source\mz_crypt.h">
      <Filter>Header Files</Filter>
    </ClInclude>
    <ClInclude Include="source\mz_strm.h">
      <Filter>Header Files</Filter>
    </ClInclude>
    <ClInclude Include="source\mz_strm_buf.h">
      <Filter>Header Files</Filter>
    </ClInclude>
    <ClInclude Include="source\mz_strm_mem.h">
      <Filter>Header Files</Filter>
    </ClInclude>
    <ClInclude Include="source\mz_strm_split.h">
      <Filter>Header Files</Filter>
    </ClInclude>
    <ClInclude Include="source\mz_strm_os.h">
      <Filter>Header Files</Filter>
    </ClInclude>
    <ClInclude Include="source\mz_zip.h">
      <Filter>Header Files</Filter>
    </ClInclude>
    <ClInclude Include="source\mz_zip_rw.h">
      <Filter>Header Files</Filter>
    </ClInclude>
    <ClInclude Include="source\mz_strm_zlib.h">
      <Filter>Header Files</Filter>
    </ClInclude>
    <ClInclude Include="source\mz_strm_bzip.h">
      <Filter>Header Files</Filter>
    </ClInclude>
    <ClInclude Include="source\mz_strm_lzma.h">
      <Filter>Header Files</Filter>
    </ClInclude>
    <ClInclude Include="source\mz_strm_zstd.h">
      <Filter>Header Files</Filter>
    </ClInclude>
    <ClInclude Include="source\mz_strm_pkcrypt.h">
      <Filter>Header Files</Filter>
    </ClInclude>
    <ClInclude Include="source\mz_strm_wzaes.h">
      <Filter>Header Files</Filter>
    </ClInclude>
    <ClInclude Include="source\mz_compat.h">
      <Filter>Header Files</Filter>
    </ClInclude>
    <ClInclude Include="zip.h">
      <Filter>Header Files</Filter>
    </ClInclude>
    <ClInclude Include="unzip.h">
      <Filter>Header Files</Filter>
    </ClInclude>
  </ItemGroup>
  <ItemGroup>
    <Filter Include="Header Files">
      <UniqueIdentifier>{D0AAB140-9874-3134-9DF6-9146CB664CFD}</UniqueIdentifier>
    </Filter>
    <Filter Include="Source Files">
      <UniqueIdentifier>{D0B380B1-F396-38A3-ABB0-36D3FD23B92B}</UniqueIdentifier>
    </Filter>
  </ItemGroup>
</Project>