<?xml version="1.0" encoding="utf-8"?>
<Project ToolsVersion="4.0" xmlns="http://schemas.microsoft.com/developer/msbuild/2003">
  <ItemGroup>
    <ClCompile Include="source\lib\iconv.c">
      <Filter>Source Files</Filter>
    </ClCompile>
    <ClCompile Include="source\libcharset\lib\localcharset.c">
      <Filter>Source Files</Filter>
    </ClCompile>
    <ClCompile Include="source\lib\relocatable.c">
      <Filter>Source Files</Filter>
    </ClCompile>
  </ItemGroup>
  <ItemGroup>
    <ClInclude Include="source\lib\aliases2.h">
      <Filter>Header Files\lib</Filter>
    </ClInclude>
    <ClInclude Include="source\lib\armscii_8.h">
      <Filter>Header Files\lib</Filter>
    </ClInclude>
    <ClInclude Include="source\lib\ascii.h">
      <Filter>Header Files\lib</Filter>
    </ClInclude>
    <ClInclude Include="source\lib\atarist.h">
      <Filter>Header Files\lib</Filter>
    </ClInclude>
    <ClInclude Include="source\lib\big5.h">
      <Filter>Header Files\lib</Filter>
    </ClInclude>
    <ClInclude Include="source\lib\big5_2003.h">
      <Filter>Header Files\lib</Filter>
    </ClInclude>
    <ClInclude Include="source\lib\big5hkscs1999.h">
      <Filter>Header Files\lib</Filter>
    </ClInclude>
    <ClInclude Include="source\lib\big5hkscs2001.h">
      <Filter>Header Files\lib</Filter>
    </ClInclude>
    <ClInclude Include="source\lib\big5hkscs2004.h">
      <Filter>Header Files\lib</Filter>
    </ClInclude>
    <ClInclude Include="source\lib\big5hkscs2008.h">
      <Filter>Header Files\lib</Filter>
    </ClInclude>
    <ClInclude Include="source\lib\c99.h">
      <Filter>Header Files\lib</Filter>
    </ClInclude>
    <ClInclude Include="source\lib\ces_big5.h">
      <Filter>Header Files\lib</Filter>
    </ClInclude>
    <ClInclude Include="source\lib\ces_gbk.h">
      <Filter>Header Files\lib</Filter>
    </ClInclude>
    <ClInclude Include="source\lib\cjk_variants.h">
      <Filter>Header Files\lib</Filter>
    </ClInclude>
    <ClInclude Include="source\lib\cns11643.h">
      <Filter>Header Files\lib</Filter>
    </ClInclude>
    <ClInclude Include="source\lib\cns11643_1.h">
      <Filter>Header Files\lib</Filter>
    </ClInclude>
    <ClInclude Include="source\lib\cns11643_2.h">
      <Filter>Header Files\lib</Filter>
    </ClInclude>
    <ClInclude Include="source\lib\cns11643_3.h">
      <Filter>Header Files\lib</Filter>
    </ClInclude>
    <ClInclude Include="source\lib\cns11643_4.h">
      <Filter>Header Files\lib</Filter>
    </ClInclude>
    <ClInclude Include="source\lib\cns11643_4a.h">
      <Filter>Header Files\lib</Filter>
    </ClInclude>
    <ClInclude Include="source\lib\cns11643_4b.h">
      <Filter>Header Files\lib</Filter>
    </ClInclude>
    <ClInclude Include="source\lib\cns11643_5.h">
      <Filter>Header Files\lib</Filter>
    </ClInclude>
    <ClInclude Include="source\lib\cns11643_6.h">
      <Filter>Header Files\lib</Filter>
    </ClInclude>
    <ClInclude Include="source\lib\cns11643_7.h">
      <Filter>Header Files\lib</Filter>
    </ClInclude>
    <ClInclude Include="source\lib\cns11643_15.h">
      <Filter>Header Files\lib</Filter>
    </ClInclude>
    <ClInclude Include="source\lib\cns11643_inv.h">
      <Filter>Header Files\lib</Filter>
    </ClInclude>
    <ClInclude Include="source\lib\converters.h">
      <Filter>Header Files\lib</Filter>
    </ClInclude>
    <ClInclude Include="source\lib\cp437.h">
      <Filter>Header Files\lib</Filter>
    </ClInclude>
    <ClInclude Include="source\lib\cp737.h">
      <Filter>Header Files\lib</Filter>
    </ClInclude>
    <ClInclude Include="source\lib\cp775.h">
      <Filter>Header Files\lib</Filter>
    </ClInclude>
    <ClInclude Include="source\lib\cp850.h">
      <Filter>Header Files\lib</Filter>
    </ClInclude>
    <ClInclude Include="source\lib\cp852.h">
      <Filter>Header Files\lib</Filter>
    </ClInclude>
    <ClInclude Include="source\lib\cp853.h">
      <Filter>Header Files\lib</Filter>
    </ClInclude>
    <ClInclude Include="source\lib\cp855.h">
      <Filter>Header Files\lib</Filter>
    </ClInclude>
    <ClInclude Include="source\lib\cp856.h">
      <Filter>Header Files\lib</Filter>
    </ClInclude>
    <ClInclude Include="source\lib\cp857.h">
      <Filter>Header Files\lib</Filter>
    </ClInclude>
    <ClInclude Include="source\lib\cp858.h">
      <Filter>Header Files\lib</Filter>
    </ClInclude>
    <ClInclude Include="source\lib\cp860.h">
      <Filter>Header Files\lib</Filter>
    </ClInclude>
    <ClInclude Include="source\lib\cp861.h">
      <Filter>Header Files\lib</Filter>
    </ClInclude>
    <ClInclude Include="source\lib\cp862.h">
      <Filter>Header Files\lib</Filter>
    </ClInclude>
    <ClInclude Include="source\lib\cp863.h">
      <Filter>Header Files\lib</Filter>
    </ClInclude>
    <ClInclude Include="source\lib\cp864.h">
      <Filter>Header Files\lib</Filter>
    </ClInclude>
    <ClInclude Include="source\lib\cp865.h">
      <Filter>Header Files\lib</Filter>
    </ClInclude>
    <ClInclude Include="source\lib\cp866.h">
      <Filter>Header Files\lib</Filter>
    </ClInclude>
    <ClInclude Include="source\lib\cp869.h">
      <Filter>Header Files\lib</Filter>
    </ClInclude>
    <ClInclude Include="source\lib\cp874.h">
      <Filter>Header Files\lib</Filter>
    </ClInclude>
    <ClInclude Include="source\lib\cp922.h">
      <Filter>Header Files\lib</Filter>
    </ClInclude>
    <ClInclude Include="source\lib\cp932.h">
      <Filter>Header Files\lib</Filter>
    </ClInclude>
    <ClInclude Include="source\lib\cp932ext.h">
      <Filter>Header Files\lib</Filter>
    </ClInclude>
    <ClInclude Include="source\lib\cp936.h">
      <Filter>Header Files\lib</Filter>
    </ClInclude>
    <ClInclude Include="source\lib\cp936ext.h">
      <Filter>Header Files\lib</Filter>
    </ClInclude>
    <ClInclude Include="source\lib\cp943.h">
      <Filter>Header Files\lib</Filter>
    </ClInclude>
    <ClInclude Include="source\lib\cp949.h">
      <Filter>Header Files\lib</Filter>
    </ClInclude>
    <ClInclude Include="source\lib\cp950.h">
      <Filter>Header Files\lib</Filter>
    </ClInclude>
    <ClInclude Include="source\lib\cp950ext.h">
      <Filter>Header Files\lib</Filter>
    </ClInclude>
    <ClInclude Include="source\lib\cp1046.h">
      <Filter>Header Files\lib</Filter>
    </ClInclude>
    <ClInclude Include="source\lib\cp1124.h">
      <Filter>Header Files\lib</Filter>
    </ClInclude>
    <ClInclude Include="source\lib\cp1125.h">
      <Filter>Header Files\lib</Filter>
    </ClInclude>
    <ClInclude Include="source\lib\cp1129.h">
      <Filter>Header Files\lib</Filter>
    </ClInclude>
    <ClInclude Include="source\lib\cp1131.h">
      <Filter>Header Files\lib</Filter>
    </ClInclude>
    <ClInclude Include="source\lib\cp1133.h">
      <Filter>Header Files\lib</Filter>
    </ClInclude>
    <ClInclude Include="source\lib\cp1161.h">
      <Filter>Header Files\lib</Filter>
    </ClInclude>
    <ClInclude Include="source\lib\cp1162.h">
      <Filter>Header Files\lib</Filter>
    </ClInclude>
    <ClInclude Include="source\lib\cp1163.h">
      <Filter>Header Files\lib</Filter>
    </ClInclude>
    <ClInclude Include="source\lib\cp1250.h">
      <Filter>Header Files\lib</Filter>
    </ClInclude>
    <ClInclude Include="source\lib\cp1251.h">
      <Filter>Header Files\lib</Filter>
    </ClInclude>
    <ClInclude Include="source\lib\cp1252.h">
      <Filter>Header Files\lib</Filter>
    </ClInclude>
    <ClInclude Include="source\lib\cp1253.h">
      <Filter>Header Files\lib</Filter>
    </ClInclude>
    <ClInclude Include="source\lib\cp1254.h">
      <Filter>Header Files\lib</Filter>
    </ClInclude>
    <ClInclude Include="source\lib\cp1255.h">
      <Filter>Header Files\lib</Filter>
    </ClInclude>
    <ClInclude Include="source\lib\cp1256.h">
      <Filter>Header Files\lib</Filter>
    </ClInclude>
    <ClInclude Include="source\lib\cp1257.h">
      <Filter>Header Files\lib</Filter>
    </ClInclude>
    <ClInclude Include="source\lib\cp1258.h">
      <Filter>Header Files\lib</Filter>
    </ClInclude>
    <ClInclude Include="source\lib\cp50221_0208_ext.h">
      <Filter>Header Files\lib</Filter>
    </ClInclude>
    <ClInclude Include="source\lib\cp50221_0212_ext.h">
      <Filter>Header Files\lib</Filter>
    </ClInclude>
    <ClInclude Include="source\lib\dec_hanyu.h">
      <Filter>Header Files\lib</Filter>
    </ClInclude>
    <ClInclude Include="source\lib\dec_kanji.h">
      <Filter>Header Files\lib</Filter>
    </ClInclude>
    <ClInclude Include="source\lib\euc_cn.h">
      <Filter>Header Files\lib</Filter>
    </ClInclude>
    <ClInclude Include="source\lib\euc_jisx0213.h">
      <Filter>Header Files\lib</Filter>
    </ClInclude>
    <ClInclude Include="source\lib\euc_jp.h">
      <Filter>Header Files\lib</Filter>
    </ClInclude>
    <ClInclude Include="source\lib\euc_kr.h">
      <Filter>Header Files\lib</Filter>
    </ClInclude>
    <ClInclude Include="source\lib\euc_tw.h">
      <Filter>Header Files\lib</Filter>
    </ClInclude>
    <ClInclude Include="source\lib\flushwc.h">
      <Filter>Header Files\lib</Filter>
    </ClInclude>
    <ClInclude Include="source\lib\gb2312.h">
      <Filter>Header Files\lib</Filter>
    </ClInclude>
    <ClInclude Include="source\lib\gb12345.h">
      <Filter>Header Files\lib</Filter>
    </ClInclude>
    <ClInclude Include="source\lib\gb12345ext.h">
      <Filter>Header Files\lib</Filter>
    </ClInclude>
    <ClInclude Include="source\lib\gb18030.h">
      <Filter>Header Files\lib</Filter>
    </ClInclude>
    <ClInclude Include="source\lib\gb18030ext.h">
      <Filter>Header Files\lib</Filter>
    </ClInclude>
    <ClInclude Include="source\lib\gb18030uni.h">
      <Filter>Header Files\lib</Filter>
    </ClInclude>
    <ClInclude Include="source\lib\gbk.h">
      <Filter>Header Files\lib</Filter>
    </ClInclude>
    <ClInclude Include="source\lib\gbkext_inv.h">
      <Filter>Header Files\lib</Filter>
    </ClInclude>
    <ClInclude Include="source\lib\gbkext1.h">
      <Filter>Header Files\lib</Filter>
    </ClInclude>
    <ClInclude Include="source\lib\gbkext2.h">
      <Filter>Header Files\lib</Filter>
    </ClInclude>
    <ClInclude Include="source\lib\georgian_academy.h">
      <Filter>Header Files\lib</Filter>
    </ClInclude>
    <ClInclude Include="source\lib\georgian_ps.h">
      <Filter>Header Files\lib</Filter>
    </ClInclude>
    <ClInclude Include="source\lib\hkscs1999.h">
      <Filter>Header Files\lib</Filter>
    </ClInclude>
    <ClInclude Include="source\lib\hkscs2001.h">
      <Filter>Header Files\lib</Filter>
    </ClInclude>
    <ClInclude Include="source\lib\hkscs2004.h">
      <Filter>Header Files\lib</Filter>
    </ClInclude>
    <ClInclude Include="source\lib\hkscs2008.h">
      <Filter>Header Files\lib</Filter>
    </ClInclude>
    <ClInclude Include="source\lib\hp_roman8.h">
      <Filter>Header Files\lib</Filter>
    </ClInclude>
    <ClInclude Include="source\lib\hz.h">
      <Filter>Header Files\lib</Filter>
    </ClInclude>
    <ClInclude Include="source\lib\iconv_open1.h">
      <Filter>Header Files\lib</Filter>
    </ClInclude>
    <ClInclude Include="source\lib\iconv_open2.h">
      <Filter>Header Files\lib</Filter>
    </ClInclude>
    <ClInclude Include="source\lib\iso646_cn.h">
      <Filter>Header Files\lib</Filter>
    </ClInclude>
    <ClInclude Include="source\lib\iso646_jp.h">
      <Filter>Header Files\lib</Filter>
    </ClInclude>
    <ClInclude Include="source\lib\iso2022_cn.h">
      <Filter>Header Files\lib</Filter>
    </ClInclude>
    <ClInclude Include="source\lib\iso2022_cnext.h">
      <Filter>Header Files\lib</Filter>
    </ClInclude>
    <ClInclude Include="source\lib\iso2022_jp.h">
      <Filter>Header Files\lib</Filter>
    </ClInclude>
    <ClInclude Include="source\lib\iso2022_jp1.h">
      <Filter>Header Files\lib</Filter>
    </ClInclude>
    <ClInclude Include="source\lib\iso2022_jp2.h">
      <Filter>Header Files\lib</Filter>
    </ClInclude>
    <ClInclude Include="source\lib\iso2022_jp3.h">
      <Filter>Header Files\lib</Filter>
    </ClInclude>
    <ClInclude Include="source\lib\iso2022_jpms.h">
      <Filter>Header Files\lib</Filter>
    </ClInclude>
    <ClInclude Include="source\lib\iso2022_kr.h">
      <Filter>Header Files\lib</Filter>
    </ClInclude>
    <ClInclude Include="source\lib\iso8859_1.h">
      <Filter>Header Files\lib</Filter>
    </ClInclude>
    <ClInclude Include="source\lib\iso8859_2.h">
      <Filter>Header Files\lib</Filter>
    </ClInclude>
    <ClInclude Include="source\lib\iso8859_3.h">
      <Filter>Header Files\lib</Filter>
    </ClInclude>
    <ClInclude Include="source\lib\iso8859_4.h">
      <Filter>Header Files\lib</Filter>
    </ClInclude>
    <ClInclude Include="source\lib\iso8859_5.h">
      <Filter>Header Files\lib</Filter>
    </ClInclude>
    <ClInclude Include="source\lib\iso8859_6.h">
      <Filter>Header Files\lib</Filter>
    </ClInclude>
    <ClInclude Include="source\lib\iso8859_7.h">
      <Filter>Header Files\lib</Filter>
    </ClInclude>
    <ClInclude Include="source\lib\iso8859_8.h">
      <Filter>Header Files\lib</Filter>
    </ClInclude>
    <ClInclude Include="source\lib\iso8859_9.h">
      <Filter>Header Files\lib</Filter>
    </ClInclude>
    <ClInclude Include="source\lib\iso8859_10.h">
      <Filter>Header Files\lib</Filter>
    </ClInclude>
    <ClInclude Include="source\lib\iso8859_11.h">
      <Filter>Header Files\lib</Filter>
    </ClInclude>
    <ClInclude Include="source\lib\iso8859_13.h">
      <Filter>Header Files\lib</Filter>
    </ClInclude>
    <ClInclude Include="source\lib\iso8859_14.h">
      <Filter>Header Files\lib</Filter>
    </ClInclude>
    <ClInclude Include="source\lib\iso8859_15.h">
      <Filter>Header Files\lib</Filter>
    </ClInclude>
    <ClInclude Include="source\lib\iso8859_16.h">
      <Filter>Header Files\lib</Filter>
    </ClInclude>
    <ClInclude Include="source\lib\isoir165.h">
      <Filter>Header Files\lib</Filter>
    </ClInclude>
    <ClInclude Include="source\lib\isoir165ext.h">
      <Filter>Header Files\lib</Filter>
    </ClInclude>
    <ClInclude Include="source\lib\java.h">
      <Filter>Header Files\lib</Filter>
    </ClInclude>
    <ClInclude Include="source\lib\jisx0201.h">
      <Filter>Header Files\lib</Filter>
    </ClInclude>
    <ClInclude Include="source\lib\jisx0208.h">
      <Filter>Header Files\lib</Filter>
    </ClInclude>
    <ClInclude Include="source\lib\jisx0212.h">
      <Filter>Header Files\lib</Filter>
    </ClInclude>
    <ClInclude Include="source\lib\jisx0213.h">
      <Filter>Header Files\lib</Filter>
    </ClInclude>
    <ClInclude Include="source\lib\johab.h">
      <Filter>Header Files\lib</Filter>
    </ClInclude>
    <ClInclude Include="source\lib\johab_hangul.h">
      <Filter>Header Files\lib</Filter>
    </ClInclude>
    <ClInclude Include="source\lib\koi8_r.h">
      <Filter>Header Files\lib</Filter>
    </ClInclude>
    <ClInclude Include="source\lib\koi8_ru.h">
      <Filter>Header Files\lib</Filter>
    </ClInclude>
    <ClInclude Include="source\lib\koi8_t.h">
      <Filter>Header Files\lib</Filter>
    </ClInclude>
    <ClInclude Include="source\lib\koi8_u.h">
      <Filter>Header Files\lib</Filter>
    </ClInclude>
    <ClInclude Include="source\lib\ksc5601.h">
      <Filter>Header Files\lib</Filter>
    </ClInclude>
    <ClInclude Include="source\lib\loop_unicode.h">
      <Filter>Header Files\lib</Filter>
    </ClInclude>
    <ClInclude Include="source\lib\loop_wchar.h">
      <Filter>Header Files\lib</Filter>
    </ClInclude>
    <ClInclude Include="source\lib\loops.h">
      <Filter>Header Files\lib</Filter>
    </ClInclude>
    <ClInclude Include="source\lib\mac_arabic.h">
      <Filter>Header Files\lib</Filter>
    </ClInclude>
    <ClInclude Include="source\lib\mac_centraleurope.h">
      <Filter>Header Files\lib</Filter>
    </ClInclude>
    <ClInclude Include="source\lib\mac_croatian.h">
      <Filter>Header Files\lib</Filter>
    </ClInclude>
    <ClInclude Include="source\lib\mac_cyrillic.h">
      <Filter>Header Files\lib</Filter>
    </ClInclude>
    <ClInclude Include="source\lib\mac_greek.h">
      <Filter>Header Files\lib</Filter>
    </ClInclude>
    <ClInclude Include="source\lib\mac_hebrew.h">
      <Filter>Header Files\lib</Filter>
    </ClInclude>
    <ClInclude Include="source\lib\mac_iceland.h">
      <Filter>Header Files\lib</Filter>
    </ClInclude>
    <ClInclude Include="source\lib\mac_roman.h">
      <Filter>Header Files\lib</Filter>
    </ClInclude>
    <ClInclude Include="source\lib\mac_romania.h">
      <Filter>Header Files\lib</Filter>
    </ClInclude>
    <ClInclude Include="source\lib\mac_thai.h">
      <Filter>Header Files\lib</Filter>
    </ClInclude>
    <ClInclude Include="source\lib\mac_turkish.h">
      <Filter>Header Files\lib</Filter>
    </ClInclude>
    <ClInclude Include="source\lib\mac_ukraine.h">
      <Filter>Header Files\lib</Filter>
    </ClInclude>
    <ClInclude Include="source\lib\mulelao.h">
      <Filter>Header Files\lib</Filter>
    </ClInclude>
    <ClInclude Include="source\lib\nextstep.h">
      <Filter>Header Files\lib</Filter>
    </ClInclude>
    <ClInclude Include="source\lib\pt154.h">
      <Filter>Header Files\lib</Filter>
    </ClInclude>
    <ClInclude Include="source\lib\relocatable.h">
      <Filter>Header Files\lib</Filter>
    </ClInclude>
    <ClInclude Include="source\lib\riscos1.h">
      <Filter>Header Files\lib</Filter>
    </ClInclude>
    <ClInclude Include="source\lib\rk1048.h">
      <Filter>Header Files\lib</Filter>
    </ClInclude>
    <ClInclude Include="source\lib\shift_jisx0213.h">
      <Filter>Header Files\lib</Filter>
    </ClInclude>
    <ClInclude Include="source\lib\sjis.h">
      <Filter>Header Files\lib</Filter>
    </ClInclude>
    <ClInclude Include="source\lib\tcvn.h">
      <Filter>Header Files\lib</Filter>
    </ClInclude>
    <ClInclude Include="source\lib\tds565.h">
      <Filter>Header Files\lib</Filter>
    </ClInclude>
    <ClInclude Include="source\lib\tis620.h">
      <Filter>Header Files\lib</Filter>
    </ClInclude>
    <ClInclude Include="source\lib\ucs2.h">
      <Filter>Header Files\lib</Filter>
    </ClInclude>
    <ClInclude Include="source\lib\ucs2be.h">
      <Filter>Header Files\lib</Filter>
    </ClInclude>
    <ClInclude Include="source\lib\ucs2internal.h">
      <Filter>Header Files\lib</Filter>
    </ClInclude>
    <ClInclude Include="source\lib\ucs2le.h">
      <Filter>Header Files\lib</Filter>
    </ClInclude>
    <ClInclude Include="source\lib\ucs2swapped.h">
      <Filter>Header Files\lib</Filter>
    </ClInclude>
    <ClInclude Include="source\lib\ucs4.h">
      <Filter>Header Files\lib</Filter>
    </ClInclude>
    <ClInclude Include="source\lib\ucs4be.h">
      <Filter>Header Files\lib</Filter>
    </ClInclude>
    <ClInclude Include="source\lib\ucs4internal.h">
      <Filter>Header Files\lib</Filter>
    </ClInclude>
    <ClInclude Include="source\lib\ucs4le.h">
      <Filter>Header Files\lib</Filter>
    </ClInclude>
    <ClInclude Include="source\lib\ucs4swapped.h">
      <Filter>Header Files\lib</Filter>
    </ClInclude>
    <ClInclude Include="source\lib\uhc_1.h">
      <Filter>Header Files\lib</Filter>
    </ClInclude>
    <ClInclude Include="source\lib\uhc_2.h">
      <Filter>Header Files\lib</Filter>
    </ClInclude>
    <ClInclude Include="source\lib\utf7.h">
      <Filter>Header Files\lib</Filter>
    </ClInclude>
    <ClInclude Include="source\lib\utf8.h">
      <Filter>Header Files\lib</Filter>
    </ClInclude>
    <ClInclude Include="source\lib\utf16.h">
      <Filter>Header Files\lib</Filter>
    </ClInclude>
    <ClInclude Include="source\lib\utf16be.h">
      <Filter>Header Files\lib</Filter>
    </ClInclude>
    <ClInclude Include="source\lib\utf16le.h">
      <Filter>Header Files\lib</Filter>
    </ClInclude>
    <ClInclude Include="source\lib\utf32.h">
      <Filter>Header Files\lib</Filter>
    </ClInclude>
    <ClInclude Include="source\lib\utf32be.h">
      <Filter>Header Files\lib</Filter>
    </ClInclude>
    <ClInclude Include="source\lib\utf32le.h">
      <Filter>Header Files\lib</Filter>
    </ClInclude>
    <ClInclude Include="source\lib\vietcomb.h">
      <Filter>Header Files\lib</Filter>
    </ClInclude>
    <ClInclude Include="source\lib\viscii.h">
      <Filter>Header Files\lib</Filter>
    </ClInclude>
    <ClInclude Include="source\SMP\config.h" />
    <ClInclude Include="source\SMP\iconv.h" />
    <ClInclude Include="source\SMP\lib\aliases.h" />
    <ClInclude Include="source\SMP\lib\aliases_dos.h" />
    <ClInclude Include="source\SMP\lib\canonical.h" />
    <ClInclude Include="source\SMP\lib\canonical_dos.h" />
    <ClInclude Include="source\SMP\lib\canonical_local.h" />
    <ClInclude Include="source\SMP\lib\flags.h" />
    <ClInclude Include="source\SMP\lib\translit.h" />
    <ClInclude Include="source\SMP\localcharset.h" />
  </ItemGroup>
  <ItemGroup>
    <Filter Include="Header Files">
      <UniqueIdentifier>{0da28d94-3d3b-4a8a-a73f-ee9b583d9768}</UniqueIdentifier>
    </Filter>
    <Filter Include="Header Files\lib">
      <UniqueIdentifier>{0b407920-cd86-4a49-b672-919c9b3bb29e}</UniqueIdentifier>
    </Filter>
    <Filter Include="Source Files">
      <UniqueIdentifier>{fbfa7b1a-2caf-4748-8454-a1561884e692}</UniqueIdentifier>
    </Filter>
    <Filter Include="Resource Files">
      <UniqueIdentifier>{e2578e6b-0a08-48a3-af01-4d5f725c9e96}</UniqueIdentifier>
    </Filter>
  </ItemGroup>
  <ItemGroup>
    <ResourceCompile Include="source\windows\libiconv.rc">
      <Filter>Resource Files</Filter>
    </ResourceCompile>
  </ItemGroup>
</Project>