Microsoft Visual Studio Solution File, Format Version 12.00
# Visual Studio Version 16
VisualStudioVersion = 16.0.31205.134
MinimumVisualStudioVersion = 10.0.40219.1
Project("{8BC9CEB8-8B4A-11D0-8D11-00A0C91BC942}") = "zlibstatic", "zlibstatic.vcxproj", "{2C895043-853B-3BBA-B2D7-DEDD58611D69}"
EndProject
Global
	GlobalSection(SolutionConfigurationPlatforms) = preSolution
		Debug|Win32 = Debug|Win32
		Debug|x64 = Debug|x64
		Release|Win32 = Release|Win32
		Release|x64 = Release|x64
	EndGlobalSection
	GlobalSection(ProjectConfigurationPlatforms) = postSolution
		{2C895043-853B-3BBA-B2D7-DEDD58611D69}.Debug|Win32.ActiveCfg = Debug|Win32
		{2C895043-853B-3BBA-B2D7-DEDD58611D69}.Debug|Win32.Build.0 = Debug|Win32
		{2C895043-853B-3BBA-B2D7-DEDD58611D69}.Debug|x64.ActiveCfg = Debug|x64
		{2C895043-853B-3BBA-B2D7-DEDD58611D69}.Debug|x64.Build.0 = Debug|x64
		{2C895043-853B-3BBA-B2D7-DEDD58611D69}.Release|Win32.ActiveCfg = Release|Win32
		{2C895043-853B-3BBA-B2D7-DEDD58611D69}.Release|Win32.Build.0 = Release|Win32
		{2C895043-853B-3BBA-B2D7-DEDD58611D69}.Release|x64.ActiveCfg = Release|x64
		{2C895043-853B-3BBA-B2D7-DEDD58611D69}.Release|x64.Build.0 = Release|x64
	EndGlobalSection
	GlobalSection(SolutionProperties) = preSolution
		HideSolutionNode = FALSE
	EndGlobalSection
	GlobalSection(ExtensibilityGlobals) = postSolution
		SolutionGuid = {29DC4F9C-D91A-38F9-8B06-D5C5F19725BC}
	EndGlobalSection
EndGlobal
